<Solution>
  <Project Path="../../10/10/10.csproj" Id="2ca2157e-8b5d-46c6-9bf6-c9973fbc8b6a" />
  <Project Path="../../11/11/11.csproj" Id="f231c754-5c15-41ce-8bd9-eb1fda0c7ab5" />
  <Project Path="../../12/12/12.csproj" Id="dbf664dd-789c-4537-9f5d-de23c0975ac2" />
  <Project Path="../../13/13/13.csproj" Id="ae0e6384-94d6-4739-805d-e6b0740031cb" />
  <Project Path="../../14/14/14.csproj" Id="410e38ef-d355-428b-af89-886af3c72d4d" />
  <Project Path="../../15/15/15.csproj" Id="dcc35468-850a-423d-a682-665ccd725b4b" />
  <Project Path="../../2/2/2.csproj" Id="3cdb093a-ae97-4d0a-aa95-3e9d3f92cbbf" />
  <Project Path="../../3/3 ej/3 ej.csproj" Id="af02a508-6280-4f3d-b2e4-c00c22c487b4" />
  <Project Path="../../3/3/3.csproj" Id="22c2ef0b-6245-4026-a832-93234c2dc44b" />
  <Project Path="../../4/4/4.csproj" Id="eac489cb-64ff-434d-8656-7625dca36637" />
  <Project Path="../../5/5/5.csproj" Id="287ee805-b6bc-4dd6-8e7f-5644b095579a" />
  <Project Path="../../6/6/6.csproj" Id="7a5a7822-e55e-449c-b15b-1e8f31923bd6" />
  <Project Path="../../7/ConsoleApp2/ConsoleApp2.csproj" Id="6e6c982c-5c83-494f-99bb-c24fe28d8d1a" />
  <Project Path="../../8/8/8.csproj" Id="563ea3e5-187c-403c-b90e-ad0aaa84d57a" />
  <Project Path="../../9/9/9.csproj" Id="8709e6b9-2d00-46cd-88d5-d8c2c25cdd76" />
  <Project Path="ConsoleApp1/ConsoleApp1.csproj" />
</Solution>
